
Microsoft Visual Studio Solution File, Format Version 12.00
# Visual Studio Version 16
VisualStudioVersion = 16.0.29613.14
MinimumVisualStudioVersion = 10.0.40219.1
Project("{9A19103F-16F7-4668-BE54-9A1E7A4F7556}") = "OneSTools.BracketsFile", "OneSTools.BracketsFile\OneSTools.BracketsFile.csproj", "{13BB3A23-BADC-49B1-B55A-0565EEC95B61}"
EndProject
Global
	GlobalSection(SolutionConfigurationPlatforms) = preSolution
		Debug|Any CPU = Debug|Any CPU
		Release|Any CPU = Release|Any CPU
	EndGlobalSection
	GlobalSection(ProjectConfigurationPlatforms) = postSolution
		{13BB3A23-BADC-49B1-B55A-0565EEC95B61}.Debug|Any CPU.ActiveCfg = Debug|Any CPU
		{13BB3A23-BADC-49B1-B55A-0565EEC95B61}.Debug|Any CPU.Build.0 = Debug|Any CPU
		{13BB3A23-BADC-49B1-B55A-0565EEC95B61}.Release|Any CPU.ActiveCfg = Release|Any CPU
		{13BB3A23-BADC-49B1-B55A-0565EEC95B61}.Release|Any CPU.Build.0 = Release|Any CPU
	EndGlobalSection
	GlobalSection(SolutionProperties) = preSolution
		HideSolutionNode = FALSE
	EndGlobalSection
	GlobalSection(ExtensibilityGlobals) = postSolution
		SolutionGuid = {4F3AAE8B-F2E5-4A71-AE6F-13FB2D885712}
	EndGlobalSection
EndGlobal
